
Microsoft Visual Studio Solution File, Format Version 12.00
# Visual Studio Version 16
VisualStudioVersion = 16.0.30621.155
MinimumVisualStudioVersion = 10.0.40219.1
Project("{FAE04EC0-301F-11D3-BF4B-00C04F79EFBC}") = "12 лаба", "12 лаба.csproj", "{2B78A9F5-970C-43E0-97B7-12741A619865}"
EndProject
Global
	GlobalSection(SolutionConfigurationPlatforms) = preSolution
		Debug|Any CPU = Debug|Any CPU
		Release|Any CPU = Release|Any CPU
	EndGlobalSection
	GlobalSection(ProjectConfigurationPlatforms) = postSolution
		{2B78A9F5-970C-43E0-97B7-12741A619865}.Debug|Any CPU.ActiveCfg = Debug|Any CPU
		{2B78A9F5-970C-43E0-97B7-12741A619865}.Debug|Any CPU.Build.0 = Debug|Any CPU
		{2B78A9F5-970C-43E0-97B7-12741A619865}.Release|Any CPU.ActiveCfg = Release|Any CPU
		{2B78A9F5-970C-43E0-97B7-12741A619865}.Release|Any CPU.Build.0 = Release|Any CPU
	EndGlobalSection
	GlobalSection(SolutionProperties) = preSolution
		HideSolutionNode = FALSE
	EndGlobalSection
	GlobalSection(ExtensibilityGlobals) = postSolution
		SolutionGuid = {8BC8FA55-EF0F-4277-879D-EA446321D20A}
	EndGlobalSection
EndGlobal
